
Microsoft Visual Studio Solution File, Format Version 12.00
# Visual Studio Version 16
VisualStudioVersion = 16.0.31829.152
MinimumVisualStudioVersion = 10.0.40219.1
Project("{FAE04EC0-301F-11D3-BF4B-00C04F79EFBC}") = "LearnSchool", "LearnSchool\LearnSchool.csproj", "{CE73DEDF-B908-48BE-B056-205FDEE05057}"
EndProject
Global
	GlobalSection(SolutionConfigurationPlatforms) = preSolution
		Debug|Any CPU = Debug|Any CPU
		Release|Any CPU = Release|Any CPU
	EndGlobalSection
	GlobalSection(ProjectConfigurationPlatforms) = postSolution
		{CE73DEDF-B908-48BE-B056-205FDEE05057}.Debug|Any CPU.ActiveCfg = Debug|Any CPU
		{CE73DEDF-B908-48BE-B056-205FDEE05057}.Debug|Any CPU.Build.0 = Debug|Any CPU
		{CE73DEDF-B908-48BE-B056-205FDEE05057}.Release|Any CPU.ActiveCfg = Release|Any CPU
		{CE73DEDF-B908-48BE-B056-205FDEE05057}.Release|Any CPU.Build.0 = Release|Any CPU
	EndGlobalSection
	GlobalSection(SolutionProperties) = preSolution
		HideSolutionNode = FALSE
	EndGlobalSection
	GlobalSection(ExtensibilityGlobals) = postSolution
		SolutionGuid = {513520EC-B650-4DD1-B974-7C97DF163239}
	EndGlobalSection
EndGlobal
